
Microsoft Visual Studio Solution File, Format Version 12.00
Project("{FAE04EC0-301F-11D3-BF4B-00C04F79EFBC}") = "SRXDScoreMod", "SRXDScoreMod.csproj", "{5663FE63-E6FB-41E4-B080-A626D1CF0F10}"
EndProject
Global
	GlobalSection(SolutionConfigurationPlatforms) = preSolution
		Debug|Any CPU = Debug|Any CPU
		Release|Any CPU = Release|Any CPU
	EndGlobalSection
	GlobalSection(ProjectConfigurationPlatforms) = postSolution
		{5663FE63-E6FB-41E4-B080-A626D1CF0F10}.Debug|Any CPU.ActiveCfg = Debug|Any CPU
		{5663FE63-E6FB-41E4-B080-A626D1CF0F10}.Debug|Any CPU.Build.0 = Debug|Any CPU
		{5663FE63-E6FB-41E4-B080-A626D1CF0F10}.Release|Any CPU.ActiveCfg = Release|Any CPU
		{5663FE63-E6FB-41E4-B080-A626D1CF0F10}.Release|Any CPU.Build.0 = Release|Any CPU
	EndGlobalSection
EndGlobal
